# THIS IS AN AUTOGENERATED FILE. DO NOT EDIT THIS FILE DIRECTLY.
# yarn lockfile v1


abbrev@1:
  version "1.1.1"
  resolved "https://registry.yarnpkg.com/abbrev/-/abbrev-1.1.1.tgz#f8f2c887ad10bf67f634f005b6987fed3179aac8"

acorn@^0.11.0:
  version "0.11.0"
  resolved "https://registry.yarnpkg.com/acorn/-/acorn-0.11.0.tgz#6e95f0253ad161ff0127db32983e5e2e5352d59a"

align-text@^0.1.1, align-text@^0.1.3:
  version "0.1.4"
  resolved "https://registry.yarnpkg.com/align-text/-/align-text-0.1.4.tgz#0cd90a561093f35d0a99256c22b7069433fad117"
  dependencies:
    kind-of "^3.0.2"
    longest "^1.0.1"
    repeat-string "^1.5.2"

amdefine@>=0.0.4:
  version "1.0.1"
  resolved "https://registry.yarnpkg.com/amdefine/-/amdefine-1.0.1.tgz#4a5282ac164729e93619bcfd3ad151f817ce91f5"

ansi-regex@^2.0.0:
  version "2.1.1"
  resolved "https://registry.yarnpkg.com/ansi-regex/-/ansi-regex-2.1.1.tgz#c3b33ab5ee360d86e0e628f0468ae7ef27d654df"

ansi-styles@^2.2.1:
  version "2.2.1"
  resolved "https://registry.yarnpkg.com/ansi-styles/-/ansi-styles-2.2.1.tgz#b432dd3358b634cf75e1e4664368240533c1ddbe"

ansidiff@~1.0.0:
  version "1.0.0"
  resolved "https://registry.yarnpkg.com/ansidiff/-/ansidiff-1.0.0.tgz#d4a3ed89ab1670f20c097def759f34d944478aab"
  dependencies:
    diff "1.0"

"argparse@~ 0.1.11":
  version "0.1.16"
  resolved "https://registry.yarnpkg.com/argparse/-/argparse-0.1.16.tgz#cfd01e0fbba3d6caed049fbd758d40f65196f57c"
  dependencies:
    underscore "~1.7.0"
    underscore.string "~2.4.0"

ast-types@~0.4.7:
  version "0.4.13"
  resolved "https://registry.yarnpkg.com/ast-types/-/ast-types-0.4.13.tgz#445bd0b0f235028f5dc5b532fca27dc7b19ed754"
  dependencies:
    depd "~1.0.0"

astquery@latest:
  version "0.0.11"
  resolved "https://registry.yarnpkg.com/astquery/-/astquery-0.0.11.tgz#1538c54d3f3a788c362942ef2bab139036fe9cdd"

async@~0.1.22:
  version "0.1.22"
  resolved "https://registry.yarnpkg.com/async/-/async-0.1.22.tgz#0fc1aaa088a0e3ef0ebe2d8831bab0dcf8845061"

base62@0.1.1:
  version "0.1.1"
  resolved "https://registry.yarnpkg.com/base62/-/base62-0.1.1.tgz#7b4174c2f94449753b11c2651c083da841a7b084"

benchmark@^1.0.0:
  version "1.0.0"
  resolved "https://registry.yarnpkg.com/benchmark/-/benchmark-1.0.0.tgz#2f1e2fa4c359f11122aa183082218e957e390c73"

bluebird@^2.7.1:
  version "2.11.0"
  resolved "https://registry.yarnpkg.com/bluebird/-/bluebird-2.11.0.tgz#534b9033c022c9579c56ba3b3e5a5caafbb650e1"

camelcase@^1.0.2:
  version "1.2.1"
  resolved "https://registry.yarnpkg.com/camelcase/-/camelcase-1.2.1.tgz#9bb5304d2e0b56698b2c758b08a3eaa9daa58a39"

center-align@^0.1.1:
  version "0.1.3"
  resolved "https://registry.yarnpkg.com/center-align/-/center-align-0.1.3.tgz#aa0d32629b6ee972200411cbd4461c907bc2b7ad"
  dependencies:
    align-text "^0.1.3"
    lazy-cache "^1.0.3"

chalk@^1.1.1:
  version "1.1.3"
  resolved "https://registry.yarnpkg.com/chalk/-/chalk-1.1.3.tgz#a8115c55e4a702fe4d150abd3872822a7e09fc98"
  dependencies:
    ansi-styles "^2.2.1"
    escape-string-regexp "^1.0.2"
    has-ansi "^2.0.0"
    strip-ansi "^3.0.0"
    supports-color "^2.0.0"

cli@0.6.x:
  version "0.6.6"
  resolved "https://registry.yarnpkg.com/cli/-/cli-0.6.6.tgz#02ad44a380abf27adac5e6f0cdd7b043d74c53e3"
  dependencies:
    exit "0.1.2"
    glob "~ 3.2.1"

cliui@^2.1.0:
  version "2.1.0"
  resolved "https://registry.yarnpkg.com/cliui/-/cliui-2.1.0.tgz#4b475760ff80264c762c3a1719032e91c7fea0d1"
  dependencies:
    center-align "^0.1.1"
    right-align "^0.1.1"
    wordwrap "0.0.2"

cls@~0.1.3:
  version "0.1.5"
  resolved "https://registry.yarnpkg.com/cls/-/cls-0.1.5.tgz#df3218cf9d1480747f584d88b19b74c6b281317b"

coffee-script@~1.3.3:
  version "1.3.3"
  resolved "https://registry.yarnpkg.com/coffee-script/-/coffee-script-1.3.3.tgz#150d6b4cb522894369efed6a2101c20bc7f4a4f4"

colors@^1.0.3:
  version "1.1.2"
  resolved "https://registry.yarnpkg.com/colors/-/colors-1.1.2.tgz#168a4701756b6a7f51a12ce0c97bfa28c084ed63"

colors@~0.6.2:
  version "0.6.2"
  resolved "https://registry.yarnpkg.com/colors/-/colors-0.6.2.tgz#2423fe6678ac0c5dae8852e5d0e5be08c997abcc"

commander@~2.2.0:
  version "2.2.0"
  resolved "https://registry.yarnpkg.com/commander/-/commander-2.2.0.tgz#175ad4b9317f3ff615f201c1e57224f55a3e91df"

commoner@^0.9.6:
  version "0.9.8"
  resolved "https://registry.yarnpkg.com/commoner/-/commoner-0.9.8.tgz#22f59588f134a3afa04aaea97e8bb574972acded"
  dependencies:
    commander "~2.2.0"
    glob "~3.2.9"
    graceful-fs "~2.0.3"
    iconv-lite "~0.2.11"
    install "~0.1.7"
    mkdirp "~0.3.5"
    private "~0.1.2"
    q "~1.0.1"
    recast "~0.7.0"

console-browserify@1.1.x:
  version "1.1.0"
  resolved "https://registry.yarnpkg.com/console-browserify/-/console-browserify-1.1.0.tgz#f0241c45730a9fc6323b206dbf38edc741d0bb10"
  dependencies:
    date-now "^0.1.4"

cookiejar@1.3.0:
  version "1.3.0"
  resolved "https://registry.yarnpkg.com/cookiejar/-/cookiejar-1.3.0.tgz#dd00b35679021e99cbd4e855b9ad041913474765"

core-util-is@~1.0.0:
  version "1.0.2"
  resolved "https://registry.yarnpkg.com/core-util-is/-/core-util-is-1.0.2.tgz#b5fd54220aa2bc5ab57aab7140c940754503c1a7"

date-now@^0.1.4:
  version "0.1.4"
  resolved "https://registry.yarnpkg.com/date-now/-/date-now-0.1.4.tgz#eaf439fd4d4848ad74e5cc7dbef200672b9e345b"

dateformat@1.0.2-1.2.3:
  version "1.0.2-1.2.3"
  resolved "https://registry.yarnpkg.com/dateformat/-/dateformat-1.0.2-1.2.3.tgz#b0220c02de98617433b72851cf47de3df2cdbee9"

debug@~0.7.2:
  version "0.7.4"
  resolved "https://registry.yarnpkg.com/debug/-/debug-0.7.4.tgz#06e1ea8082c2cb14e39806e22e2f6f757f92af39"

decamelize@^1.0.0:
  version "1.2.0"
  resolved "https://registry.yarnpkg.com/decamelize/-/decamelize-1.2.0.tgz#f6534d15148269b20352e7bee26f501f9a191290"

depd@~1.0.0:
  version "1.0.1"
  resolved "https://registry.yarnpkg.com/depd/-/depd-1.0.1.tgz#80aec64c9d6d97e65cc2a9caa93c0aa6abf73aaa"

diff@1.0:
  version "1.0.8"
  resolved "https://registry.yarnpkg.com/diff/-/diff-1.0.8.tgz#343276308ec991b7bc82267ed55bc1411f971666"

dom-serializer@0:
  version "0.1.0"
  resolved "https://registry.yarnpkg.com/dom-serializer/-/dom-serializer-0.1.0.tgz#073c697546ce0780ce23be4a28e293e40bc30c82"
  dependencies:
    domelementtype "~1.1.1"
    entities "~1.1.1"

domelementtype@1:
  version "1.3.0"
  resolved "https://registry.yarnpkg.com/domelementtype/-/domelementtype-1.3.0.tgz#b17aed82e8ab59e52dd9c19b1756e0fc187204c2"

domelementtype@~1.1.1:
  version "1.1.3"
  resolved "https://registry.yarnpkg.com/domelementtype/-/domelementtype-1.1.3.tgz#bd28773e2642881aec51544924299c5cd822185b"

domhandler@2.3:
  version "2.3.0"
  resolved "https://registry.yarnpkg.com/domhandler/-/domhandler-2.3.0.tgz#2de59a0822d5027fabff6f032c2b25a2a8abe738"
  dependencies:
    domelementtype "1"

domutils@1.5:
  version "1.5.1"
  resolved "https://registry.yarnpkg.com/domutils/-/domutils-1.5.1.tgz#dcd8488a26f563d61079e48c9f7b7e32373682cf"
  dependencies:
    dom-serializer "0"
    domelementtype "1"

emitter-component@1.0.0:
  version "1.0.0"
  resolved "https://registry.yarnpkg.com/emitter-component/-/emitter-component-1.0.0.tgz#f04dd18fc3dc3e9a74cbc0f310b088666e4c016f"

entities@1.0:
  version "1.0.0"
  resolved "https://registry.yarnpkg.com/entities/-/entities-1.0.0.tgz#b2987aa3821347fcde642b24fdfc9e4fb712bf26"

entities@~1.1.1:
  version "1.1.1"
  resolved "https://registry.yarnpkg.com/entities/-/entities-1.1.1.tgz#6e5c2d0a5621b5dadaecef80b90edfb5cd7772f0"

es5-shim@~4.0.0:
  version "4.0.6"
  resolved "https://registry.yarnpkg.com/es5-shim/-/es5-shim-4.0.6.tgz#443bf1f0503cdeabceb01ec80a84af1b8f1ca9f7"

es6-shim@latest:
  version "0.35.3"
  resolved "https://registry.yarnpkg.com/es6-shim/-/es6-shim-0.35.3.tgz#9bfb7363feffff87a6cdb6cd93e405ec3c4b6f26"

es6-transpiler@^0.7.18:
  version "0.7.18"
  resolved "https://registry.yarnpkg.com/es6-transpiler/-/es6-transpiler-0.7.18.tgz#de5209544d1bb2c282caed0acb7fdba731ed655f"
  dependencies:
    ansidiff "~1.0.0"
    astquery latest
    es5-shim "~4.0.0"
    es6-shim latest
    jsesc latest
    regenerate latest
    simple-fmt "~0.1.0"
    simple-is "~0.2.0"
    string-alter latest
    stringmap "~0.2.0"
    stringset "~0.2.0"

escape-string-regexp@^1.0.2:
  version "1.0.5"
  resolved "https://registry.yarnpkg.com/escape-string-regexp/-/escape-string-regexp-1.0.5.tgz#1b61c0562190a8dff6ae3bb2cf0200ca130b86d4"

esprima-fb@^6001.1.0-dev-harmony-fb, esprima-fb@~6001.1.0-dev-harmony-fb:
  version "6001.1.0-dev-harmony-fb"
  resolved "https://registry.yarnpkg.com/esprima-fb/-/esprima-fb-6001.1.0-dev-harmony-fb.tgz#72705de7030b45ca41bbf16400a3636ffa0ca4eb"

esprima-fb@~6001.1001.0-dev-harmony-fb:
  version "6001.1001.0-dev-harmony-fb"
  resolved "https://registry.yarnpkg.com/esprima-fb/-/esprima-fb-6001.1001.0-dev-harmony-fb.tgz#a98821750fabadb164cdd199a94347a3919d1ac5"

"esprima@~ 1.0.2":
  version "1.0.4"
  resolved "https://registry.yarnpkg.com/esprima/-/esprima-1.0.4.tgz#9f557e08fc3b4d26ece9dd34f8fbf476b62585ad"

estraverse@^1.9.1:
  version "1.9.3"
  resolved "https://registry.yarnpkg.com/estraverse/-/estraverse-1.9.3.tgz#af67f2dc922582415950926091a4005d29c9bb44"

eventemitter2@~0.4.13:
  version "0.4.14"
  resolved "https://registry.yarnpkg.com/eventemitter2/-/eventemitter2-0.4.14.tgz#8f61b75cde012b2e9eb284d4545583b5643b61ab"

exit@0.1.2, exit@0.1.x, exit@~0.1.1:
  version "0.1.2"
  resolved "https://registry.yarnpkg.com/exit/-/exit-0.1.2.tgz#0632638f8d877cc82107d30a0fff1a17cba1cd0c"

findup-sync@~0.1.2:
  version "0.1.3"
  resolved "https://registry.yarnpkg.com/findup-sync/-/findup-sync-0.1.3.tgz#7f3e7a97b82392c653bf06589bd85190e93c3683"
  dependencies:
    glob "~3.2.9"
    lodash "~2.4.1"

formidable@1.0.14:
  version "1.0.14"
  resolved "https://registry.yarnpkg.com/formidable/-/formidable-1.0.14.tgz#2b3f4c411cbb5fdd695c44843e2a23514a43231a"

getobject@~0.1.0:
  version "0.1.0"
  resolved "https://registry.yarnpkg.com/getobject/-/getobject-0.1.0.tgz#047a449789fa160d018f5486ed91320b6ec7885c"

"glob@~ 3.2.1", glob@~3.2.9:
  version "3.2.11"
  resolved "https://registry.yarnpkg.com/glob/-/glob-3.2.11.tgz#4a973f635b9190f715d10987d5c00fd2815ebe3d"
  dependencies:
    inherits "2"
    minimatch "0.3"

glob@~3.1.21:
  version "3.1.21"
  resolved "https://registry.yarnpkg.com/glob/-/glob-3.1.21.tgz#d29e0a055dea5138f4d07ed40e8982e83c2066cd"
  dependencies:
    graceful-fs "~1.2.0"
    inherits "1"
    minimatch "~0.2.11"

graceful-fs@~1.2.0:
  version "1.2.3"
  resolved "https://registry.yarnpkg.com/graceful-fs/-/graceful-fs-1.2.3.tgz#15a4806a57547cb2d2dbf27f42e89a8c3451b364"

graceful-fs@~2.0.3:
  version "2.0.3"
  resolved "https://registry.yarnpkg.com/graceful-fs/-/graceful-fs-2.0.3.tgz#7cd2cdb228a4a3f36e95efa6cc142de7d1a136d0"

grunt-contrib-clean@^0.5.0:
  version "0.5.0"
  resolved "https://registry.yarnpkg.com/grunt-contrib-clean/-/grunt-contrib-clean-0.5.0.tgz#f53dfdee0849b1c7b40e9ebbba69f48c4c6079c5"
  dependencies:
    rimraf "~2.2.1"

grunt-contrib-copy@^0.5.0:
  version "0.5.0"
  resolved "https://registry.yarnpkg.com/grunt-contrib-copy/-/grunt-contrib-copy-0.5.0.tgz#410075ac45a5856ba191b1cc725725450d4a0215"

grunt-contrib-jshint@^0.10.0:
  version "0.10.0"
  resolved "https://registry.yarnpkg.com/grunt-contrib-jshint/-/grunt-contrib-jshint-0.10.0.tgz#57ebccca87e8f327af6645d8a3c586d4845e4d81"
  dependencies:
    hooker "~0.2.3"
    jshint "~2.5.0"

grunt-legacy-log-utils@~0.1.1:
  version "0.1.1"
  resolved "https://registry.yarnpkg.com/grunt-legacy-log-utils/-/grunt-legacy-log-utils-0.1.1.tgz#c0706b9dd9064e116f36f23fe4e6b048672c0f7e"
  dependencies:
    colors "~0.6.2"
    lodash "~2.4.1"
    underscore.string "~2.3.3"

grunt-legacy-log@~0.1.0:
  version "0.1.3"
  resolved "https://registry.yarnpkg.com/grunt-legacy-log/-/grunt-legacy-log-0.1.3.tgz#ec29426e803021af59029f87d2f9cd7335a05531"
  dependencies:
    colors "~0.6.2"
    grunt-legacy-log-utils "~0.1.1"
    hooker "~0.2.3"
    lodash "~2.4.1"
    underscore.string "~2.3.3"

grunt-legacy-util@~0.2.0:
  version "0.2.0"
  resolved "https://registry.yarnpkg.com/grunt-legacy-util/-/grunt-legacy-util-0.2.0.tgz#93324884dbf7e37a9ff7c026dff451d94a9e554b"
  dependencies:
    async "~0.1.22"
    exit "~0.1.1"
    getobject "~0.1.0"
    hooker "~0.2.3"
    lodash "~0.9.2"
    underscore.string "~2.2.1"
    which "~1.0.5"

grunt-release@^0.7.0:
  version "0.7.0"
  resolved "https://registry.yarnpkg.com/grunt-release/-/grunt-release-0.7.0.tgz#bc8ecc24bc46a10a7c50657f1af5f2cbdec38634"
  dependencies:
    q "~1.0.0"
    semver "~2.0.10"
    shelljs "~0.1.2"
    superagent "~0.15.4"

grunt@^0.4.5:
  version "0.4.5"
  resolved "https://registry.yarnpkg.com/grunt/-/grunt-0.4.5.tgz#56937cd5194324adff6d207631832a9d6ba4e7f0"
  dependencies:
    async "~0.1.22"
    coffee-script "~1.3.3"
    colors "~0.6.2"
    dateformat "1.0.2-1.2.3"
    eventemitter2 "~0.4.13"
    exit "~0.1.1"
    findup-sync "~0.1.2"
    getobject "~0.1.0"
    glob "~3.1.21"
    grunt-legacy-log "~0.1.0"
    grunt-legacy-util "~0.2.0"
    hooker "~0.2.3"
    iconv-lite "~0.2.11"
    js-yaml "~2.0.5"
    lodash "~0.9.2"
    minimatch "~0.2.12"
    nopt "~1.0.10"
    rimraf "~2.2.8"
    underscore.string "~2.2.1"
    which "~1.0.5"

has-ansi@^2.0.0:
  version "2.0.0"
  resolved "https://registry.yarnpkg.com/has-ansi/-/has-ansi-2.0.0.tgz#34f5049ce1ecdf2b0649af3ef24e45ed35416d91"
  dependencies:
    ansi-regex "^2.0.0"

hooker@~0.2.3:
  version "0.2.3"
  resolved "https://registry.yarnpkg.com/hooker/-/hooker-0.2.3.tgz#b834f723cc4a242aa65963459df6d984c5d3d959"

htmlparser2@3.8.x:
  version "3.8.3"
  resolved "https://registry.yarnpkg.com/htmlparser2/-/htmlparser2-3.8.3.tgz#996c28b191516a8be86501a7d79757e5c70c1068"
  dependencies:
    domelementtype "1"
    domhandler "2.3"
    domutils "1.5"
    entities "1.0"
    readable-stream "1.1"

iconv-lite@~0.2.11:
  version "0.2.11"
  resolved "https://registry.yarnpkg.com/iconv-lite/-/iconv-lite-0.2.11.tgz#1ce60a3a57864a292d1321ff4609ca4bb965adc8"

inherits@1:
  version "1.0.2"
  resolved "https://registry.yarnpkg.com/inherits/-/inherits-1.0.2.tgz#ca4309dadee6b54cc0b8d247e8d7c7a0975bdc9b"

inherits@2, inherits@~2.0.1:
  version "2.0.3"
  resolved "https://registry.yarnpkg.com/inherits/-/inherits-2.0.3.tgz#633c2c83e3da42a502f52466022480f4208261de"

install@~0.1.7:
  version "0.1.8"
  resolved "https://registry.yarnpkg.com/install/-/install-0.1.8.tgz#9980ef93e30dfb534778d163bc86ddd472ad5fe8"

is-buffer@^1.1.5:
  version "1.1.6"
  resolved "https://registry.yarnpkg.com/is-buffer/-/is-buffer-1.1.6.tgz#efaa2ea9daa0d7ab2ea13a97b2b8ad51fefbe8be"

isarray@0.0.1:
  version "0.0.1"
  resolved "https://registry.yarnpkg.com/isarray/-/isarray-0.0.1.tgz#8a18acfca9a8f4177e09abfc6038939b05d1eedf"

jasmine-check@^0.1.2:
  version "0.1.5"
  resolved "https://registry.yarnpkg.com/jasmine-check/-/jasmine-check-0.1.5.tgz#dbad7eec56261c4b3d175ada55fe59b09ac9e415"
  dependencies:
    testcheck "^0.1.0"

js-yaml@~2.0.5:
  version "2.0.5"
  resolved "https://registry.yarnpkg.com/js-yaml/-/js-yaml-2.0.5.tgz#a25ae6509999e97df278c6719da11bd0687743a8"
  dependencies:
    argparse "~ 0.1.11"
    esprima "~ 1.0.2"

jsesc@latest:
  version "2.5.1"
  resolved "https://registry.yarnpkg.com/jsesc/-/jsesc-2.5.1.tgz#e421a2a8e20d6b0819df28908f782526b96dd1fe"

jshint@~2.5.0:
  version "2.5.11"
  resolved "https://registry.yarnpkg.com/jshint/-/jshint-2.5.11.tgz#e2d95858bbb1aa78300108a2e81099fb095622e0"
  dependencies:
    cli "0.6.x"
    console-browserify "1.1.x"
    exit "0.1.x"
    htmlparser2 "3.8.x"
    minimatch "1.0.x"
    shelljs "0.3.x"
    strip-json-comments "1.0.x"
    underscore "1.6.x"

jstransform@^6.2.0:
  version "6.3.2"
  resolved "https://registry.yarnpkg.com/jstransform/-/jstransform-6.3.2.tgz#1e7a99ca7540b26676d972ab75f1d2e74e6b23a9"
  dependencies:
    base62 "0.1.1"
    esprima-fb "~6001.1.0-dev-harmony-fb"
    source-map "0.1.31"

kind-of@^3.0.2:
  version "3.2.2"
  resolved "https://registry.yarnpkg.com/kind-of/-/kind-of-3.2.2.tgz#31ea21a734bab9bbb0f32466d893aea51e4a3c64"
  dependencies:
    is-buffer "^1.1.5"

lazy-cache@^1.0.3:
  version "1.0.4"
  resolved "https://registry.yarnpkg.com/lazy-cache/-/lazy-cache-1.0.4.tgz#a1d78fc3a50474cb80845d3b3b6e1da49a446e8e"

lodash@~0.9.2:
  version "0.9.2"
  resolved "https://registry.yarnpkg.com/lodash/-/lodash-0.9.2.tgz#8f3499c5245d346d682e5b0d3b40767e09f1a92c"

lodash@~2.4.1:
  version "2.4.2"
  resolved "https://registry.yarnpkg.com/lodash/-/lodash-2.4.2.tgz#fadd834b9683073da179b3eae6d9c0d15053f73e"

longest@^1.0.1:
  version "1.0.1"
  resolved "https://registry.yarnpkg.com/longest/-/longest-1.0.1.tgz#30a0b2da38f73770e8294a0d22e6625ed77d0097"

lru-cache@2:
  version "2.7.3"
  resolved "https://registry.yarnpkg.com/lru-cache/-/lru-cache-2.7.3.tgz#6d4524e8b955f95d4f5b58851ce21dd72fb4e952"

magic-string@^0.2.6:
  version "0.2.7"
  resolved "https://registry.yarnpkg.com/magic-string/-/magic-string-0.2.7.tgz#60f3fc3cf81b16496de2ee817218290b9abfbfb6"
  dependencies:
    vlq "^0.1.0"

methods@0.0.1:
  version "0.0.1"
  resolved "https://registry.yarnpkg.com/methods/-/methods-0.0.1.tgz#277c90f8bef39709645a8371c51c3b6c648e068c"

mime@1.2.5:
  version "1.2.5"
  resolved "https://registry.yarnpkg.com/mime/-/mime-1.2.5.tgz#9eed073022a8bf5e16c8566c6867b8832bfbfa13"

minimatch@0.3:
  version "0.3.0"
  resolved "https://registry.yarnpkg.com/minimatch/-/minimatch-0.3.0.tgz#275d8edaac4f1bb3326472089e7949c8394699dd"
  dependencies:
    lru-cache "2"
    sigmund "~1.0.0"

minimatch@1.0.x:
  version "1.0.0"
  resolved "https://registry.yarnpkg.com/minimatch/-/minimatch-1.0.0.tgz#e0dd2120b49e1b724ce8d714c520822a9438576d"
  dependencies:
    lru-cache "2"
    sigmund "~1.0.0"

minimatch@~0.2.11, minimatch@~0.2.12:
  version "0.2.14"
  resolved "https://registry.yarnpkg.com/minimatch/-/minimatch-0.2.14.tgz#c74e780574f63c6f9a090e90efbe6ef53a6a756a"
  dependencies:
    lru-cache "2"
    sigmund "~1.0.0"

minimist@^1.2.0:
  version "1.2.0"
  resolved "https://registry.yarnpkg.com/minimist/-/minimist-1.2.0.tgz#a35008b20f41383eec1fb914f4cd5df79a264284"

mkdirp@~0.3.5:
  version "0.3.5"
  resolved "https://registry.yarnpkg.com/mkdirp/-/mkdirp-0.3.5.tgz#de3e5f8961c88c787ee1368df849ac4413eca8d7"

nopt@~1.0.10:
  version "1.0.10"
  resolved "https://registry.yarnpkg.com/nopt/-/nopt-1.0.10.tgz#6ddd21bd2a31417b92727dd585f8a6f37608ebee"
  dependencies:
    abbrev "1"

private@~0.1.2, private@~0.1.5:
  version "0.1.8"
  resolved "https://registry.yarnpkg.com/private/-/private-0.1.8.tgz#2381edb3689f7a53d653190060fcf822d2f368ff"

q@~1.0.0, q@~1.0.1:
  version "1.0.1"
  resolved "https://registry.yarnpkg.com/q/-/q-1.0.1.tgz#11872aeedee89268110b10a718448ffb10112a14"

qs@0.6.5:
  version "0.6.5"
  resolved "https://registry.yarnpkg.com/qs/-/qs-0.6.5.tgz#294b268e4b0d4250f6dde19b3b8b34935dff14ef"

react-tools@^0.11.1:
  version "0.11.2"
  resolved "https://registry.yarnpkg.com/react-tools/-/react-tools-0.11.2.tgz#dc7f86554552b0d8ce6fae53726ba6499cf66ceb"
  dependencies:
    commoner "^0.9.6"
    esprima-fb "^6001.1.0-dev-harmony-fb"
    jstransform "^6.2.0"

readable-stream@1.1:
  version "1.1.13"
  resolved "https://registry.yarnpkg.com/readable-stream/-/readable-stream-1.1.13.tgz#f6eef764f514c89e2b9e23146a75ba106756d23e"
  dependencies:
    core-util-is "~1.0.0"
    inherits "~2.0.1"
    isarray "0.0.1"
    string_decoder "~0.10.x"

recast@~0.7.0:
  version "0.7.5"
  resolved "https://registry.yarnpkg.com/recast/-/recast-0.7.5.tgz#124e7cf63e2a737cd69243e379196c45549b1f2e"
  dependencies:
    ast-types "~0.4.7"
    cls "~0.1.3"
    esprima-fb "~6001.1001.0-dev-harmony-fb"
    private "~0.1.5"
    source-map "0.1.32"

reduce-component@1.0.1:
  version "1.0.1"
  resolved "https://registry.yarnpkg.com/reduce-component/-/reduce-component-1.0.1.tgz#e0c93542c574521bea13df0f9488ed82ab77c5da"

regenerate@latest:
  version "1.3.3"
  resolved "https://registry.yarnpkg.com/regenerate/-/regenerate-1.3.3.tgz#0c336d3980553d755c39b586ae3b20aa49c82b7f"

repeat-string@^1.5.2:
  version "1.6.1"
  resolved "https://registry.yarnpkg.com/repeat-string/-/repeat-string-1.6.1.tgz#8dcae470e1c88abc2d600fff4a776286da75e637"

right-align@^0.1.1:
  version "0.1.3"
  resolved "https://registry.yarnpkg.com/right-align/-/right-align-0.1.3.tgz#61339b722fe6a3515689210d24e14c96148613ef"
  dependencies:
    align-text "^0.1.1"

rimraf@~2.2.1, rimraf@~2.2.8:
  version "2.2.8"
  resolved "https://registry.yarnpkg.com/rimraf/-/rimraf-2.2.8.tgz#e439be2aaee327321952730f99a8929e4fc50582"

rollup@^0.19.2:
  version "0.19.2"
  resolved "https://registry.yarnpkg.com/rollup/-/rollup-0.19.2.tgz#5422bb3e2e95807166ce6ebd9df717c40bd052c2"
  dependencies:
    chalk "^1.1.1"
    minimist "^1.2.0"
    source-map-support "^0.3.2"
    sourcemap-codec "^1.1.0"
    vlq "^0.2.1"

semver@~2.0.10:
  version "2.0.11"
  resolved "https://registry.yarnpkg.com/semver/-/semver-2.0.11.tgz#f51f07d03fa5af79beb537fc067a7e141786cced"

shelljs@0.3.x:
  version "0.3.0"
  resolved "https://registry.yarnpkg.com/shelljs/-/shelljs-0.3.0.tgz#3596e6307a781544f591f37da618360f31db57b1"

shelljs@~0.1.2:
  version "0.1.4"
  resolved "https://registry.yarnpkg.com/shelljs/-/shelljs-0.1.4.tgz#dfbbe78d56c3c0168d2fb79e10ecd1dbcb07ec0e"

sigmund@~1.0.0:
  version "1.0.1"
  resolved "https://registry.yarnpkg.com/sigmund/-/sigmund-1.0.1.tgz#3ff21f198cad2175f9f3b781853fd94d0d19b590"

simple-fmt@~0.1.0:
  version "0.1.0"
  resolved "https://registry.yarnpkg.com/simple-fmt/-/simple-fmt-0.1.0.tgz#191bf566a59e6530482cb25ab53b4a8dc85c3a6b"

simple-is@~0.2.0:
  version "0.2.0"
  resolved "https://registry.yarnpkg.com/simple-is/-/simple-is-0.2.0.tgz#2abb75aade39deb5cc815ce10e6191164850baf0"

source-map-support@^0.3.2:
  version "0.3.3"
  resolved "https://registry.yarnpkg.com/source-map-support/-/source-map-support-0.3.3.tgz#34900977d5ba3f07c7757ee72e73bb1a9b53754f"
  dependencies:
    source-map "0.1.32"

source-map@0.1.31:
  version "0.1.31"
  resolved "https://registry.yarnpkg.com/source-map/-/source-map-0.1.31.tgz#9f704d0d69d9e138a81badf6ebb4fde33d151c61"
  dependencies:
    amdefine ">=0.0.4"

source-map@0.1.32:
  version "0.1.32"
  resolved "https://registry.yarnpkg.com/source-map/-/source-map-0.1.32.tgz#c8b6c167797ba4740a8ea33252162ff08591b266"
  dependencies:
    amdefine ">=0.0.4"

source-map@~0.5.1:
  version "0.5.7"
  resolved "https://registry.yarnpkg.com/source-map/-/source-map-0.5.7.tgz#8a039d2d1021d22d1ea14c80d8ea468ba2ef3fcc"

sourcemap-codec@^1.1.0:
  version "1.3.1"
  resolved "https://registry.yarnpkg.com/sourcemap-codec/-/sourcemap-codec-1.3.1.tgz#9ad6f9bdbd691931016e30939dbc868673323146"
  dependencies:
    vlq "^0.2.1"

string-alter@latest:
  version "0.7.3"
  resolved "https://registry.yarnpkg.com/string-alter/-/string-alter-0.7.3.tgz#a99f203d7293396348b49fc723dd7ab0a0b8d892"

string_decoder@~0.10.x:
  version "0.10.31"
  resolved "https://registry.yarnpkg.com/string_decoder/-/string_decoder-0.10.31.tgz#62e203bc41766c6c28c9fc84301dab1c5310fa94"

stringmap@~0.2.0:
  version "0.2.2"
  resolved "https://registry.yarnpkg.com/stringmap/-/stringmap-0.2.2.tgz#556c137b258f942b8776f5b2ef582aa069d7d1b1"

stringset@~0.2.0:
  version "0.2.1"
  resolved "https://registry.yarnpkg.com/stringset/-/stringset-0.2.1.tgz#ef259c4e349344377fcd1c913dd2e848c9c042b5"

strip-ansi@^3.0.0:
  version "3.0.1"
  resolved "https://registry.yarnpkg.com/strip-ansi/-/strip-ansi-3.0.1.tgz#6a385fb8853d952d5ff05d0e8aaf94278dc63dcf"
  dependencies:
    ansi-regex "^2.0.0"

strip-json-comments@1.0.x:
  version "1.0.4"
  resolved "https://registry.yarnpkg.com/strip-json-comments/-/strip-json-comments-1.0.4.tgz#1e15fbcac97d3ee99bf2d73b4c656b082bbafb91"

superagent@~0.15.4:
  version "0.15.7"
  resolved "https://registry.yarnpkg.com/superagent/-/superagent-0.15.7.tgz#095c70b8afffbc072f1458f39684d4854d6333a3"
  dependencies:
    cookiejar "1.3.0"
    debug "~0.7.2"
    emitter-component "1.0.0"
    formidable "1.0.14"
    methods "0.0.1"
    mime "1.2.5"
    qs "0.6.5"
    reduce-component "1.0.1"

supports-color@^2.0.0:
  version "2.0.0"
  resolved "https://registry.yarnpkg.com/supports-color/-/supports-color-2.0.0.tgz#535d045ce6b6363fa40117084629995e9df324c7"

testcheck@^0.1.0:
  version "0.1.4"
  resolved "https://registry.yarnpkg.com/testcheck/-/testcheck-0.1.4.tgz#90056edd48d11997702616ce6716f197d8190164"

typescript@~1.4.1:
  version "1.4.1"
  resolved "https://registry.yarnpkg.com/typescript/-/typescript-1.4.1.tgz#eb4da986d1b7f01452eafb57559e0cc8f516cd48"

uglify-js@^2.4.15:
  version "2.8.29"
  resolved "https://registry.yarnpkg.com/uglify-js/-/uglify-js-2.8.29.tgz#29c5733148057bb4e1f75df35b7a9cb72e6a59dd"
  dependencies:
    source-map "~0.5.1"
    yargs "~3.10.0"
  optionalDependencies:
    uglify-to-browserify "~1.0.0"

uglify-to-browserify@~1.0.0:
  version "1.0.2"
  resolved "https://registry.yarnpkg.com/uglify-to-browserify/-/uglify-to-browserify-1.0.2.tgz#6e0924d6bda6b5afe349e39a6d632850a0f882b7"

underscore.string@~2.2.1:
  version "2.2.1"
  resolved "https://registry.yarnpkg.com/underscore.string/-/underscore.string-2.2.1.tgz#d7c0fa2af5d5a1a67f4253daee98132e733f0f19"

underscore.string@~2.3.3:
  version "2.3.3"
  resolved "https://registry.yarnpkg.com/underscore.string/-/underscore.string-2.3.3.tgz#71c08bf6b428b1133f37e78fa3a21c82f7329b0d"

underscore.string@~2.4.0:
  version "2.4.0"
  resolved "https://registry.yarnpkg.com/underscore.string/-/underscore.string-2.4.0.tgz#8cdd8fbac4e2d2ea1e7e2e8097c42f442280f85b"

underscore@1.6.x:
  version "1.6.0"
  resolved "https://registry.yarnpkg.com/underscore/-/underscore-1.6.0.tgz#8b38b10cacdef63337b8b24e4ff86d45aea529a8"

underscore@~1.7.0:
  version "1.7.0"
  resolved "https://registry.yarnpkg.com/underscore/-/underscore-1.7.0.tgz#6bbaf0877500d36be34ecaa584e0db9fef035209"

vlq@^0.1.0:
  version "0.1.0"
  resolved "https://registry.yarnpkg.com/vlq/-/vlq-0.1.0.tgz#d5158a0a26ef513af6cd19188c87cf85368a0484"

vlq@^0.2.1:
  version "0.2.3"
  resolved "https://registry.yarnpkg.com/vlq/-/vlq-0.2.3.tgz#8f3e4328cf63b1540c0d67e1b2778386f8975b26"

which@~1.0.5:
  version "1.0.9"
  resolved "https://registry.yarnpkg.com/which/-/which-1.0.9.tgz#460c1da0f810103d0321a9b633af9e575e64486f"

window-size@0.1.0:
  version "0.1.0"
  resolved "https://registry.yarnpkg.com/window-size/-/window-size-0.1.0.tgz#5438cd2ea93b202efa3a19fe8887aee7c94f9c9d"

wordwrap@0.0.2:
  version "0.0.2"
  resolved "https://registry.yarnpkg.com/wordwrap/-/wordwrap-0.0.2.tgz#b79669bb42ecb409f83d583cad52ca17eaa1643f"

yargs@~3.10.0:
  version "3.10.0"
  resolved "https://registry.yarnpkg.com/yargs/-/yargs-3.10.0.tgz#f7ee7bd857dd7c1d2d38c0e74efbd681d1431fd1"
  dependencies:
    camelcase "^1.0.2"
    cliui "^2.1.0"
    decamelize "^1.0.0"
    window-size "0.1.0"
